{
  "name": "copilot-afterburner",
  "version": "0.1.0",
  "lockfileVersion": 3,
  "requires": true,
  "packages": {
    "": {
      "name": "copilot-afterburner",
      "version": "0.1.0",
      "hasInstallScript": true,
      "devDependencies": {
        "node-pty": "^1.1.0"
      }
    },
    "node_modules/node-addon-api": {
      "version": "7.1.1",
      "resolved": "https://ms-feed-25.pkgs.visualstudio.com/1es-public/_packaging/npm-public/npm/registry/node-addon-api/-/node-addon-api-7.1.1.tgz",
      "integrity": "sha1-Grpmk7DyVSWKBJ1iEykykyKq1Vg=",
      "dev": true,
      "license": "MIT"
    },
    "node_modules/node-pty": {
      "version": "1.1.0",
      "resolved": "https://ms-feed-17.pkgs.visualstudio.com/1es-public/_packaging/npm-public/npm/registry/node-pty/-/node-pty-1.1.0.tgz",
      "integrity": "sha1-Fhk21FpHdRwuO2lMNl5zAXQXqIc=",
      "dev": true,
      "hasInstallScript": true,
      "license": "MIT",
      "dependencies": {
        "node-addon-api": "^7.1.0"
      }
    }
  }
}
